
Microsoft Visual Studio Solution File, Format Version 12.00
# Visual Studio 15
VisualStudioVersion = 15.0.26124.0
MinimumVisualStudioVersion = 15.0.26124.0
Project("{FAE04EC0-301F-11D3-BF4B-00C04F79EFBC}") = "MoniLogs.Core", "MoniLogs.Core\MoniLogs.Core.csproj", "{D8CD21F9-93CF-4022-92F3-89D5F2A7240D}"
EndProject
Project("{FAE04EC0-301F-11D3-BF4B-00C04F79EFBC}") = "clientApi", "clients\clientApi\clientApi.csproj", "{6767A4FC-4CA9-4ED0-BB09-31AF46212173}"
EndProject
Project("{FAE04EC0-301F-11D3-BF4B-00C04F79EFBC}") = "consoleClient", "clients\consoleClient\consoleClient.csproj", "{2FCE4AC8-A2A0-4DF2-BA5F-7B9E9B746AEE}"
EndProject
Project("{FAE04EC0-301F-11D3-BF4B-00C04F79EFBC}") = "jobServer", "server\jobServer\jobServer.csproj", "{CB19CB40-B929-48C4-B7F5-A0916097BB49}"
EndProject
Project("{FAE04EC0-301F-11D3-BF4B-00C04F79EFBC}") = "validation", "validators\validation\validation.csproj", "{33038085-3EC2-47BC-8905-C00D469451AF}"
EndProject
Project("{FAE04EC0-301F-11D3-BF4B-00C04F79EFBC}") = "validation.placa", "validators\validation.placa\validation.placa.csproj", "{D8DF16A3-A110-4E03-A766-7130A1B53977}"
EndProject
Project("{FAE04EC0-301F-11D3-BF4B-00C04F79EFBC}") = "tests", "tests\tests.csproj", "{1D87E0D2-ED37-4A79-8090-A35BF7F72E82}"
EndProject
Project("{2150E333-8FDC-42A3-9474-1A3956D46DE8}") = "clients", "clients", "{149CD3FB-4AD1-4EA3-8934-CA1B332CC741}"
EndProject
Project("{2150E333-8FDC-42A3-9474-1A3956D46DE8}") = "server", "server", "{AFB50CCB-0234-4A58-9EA1-4C21E6075AEB}"
EndProject
Project("{2150E333-8FDC-42A3-9474-1A3956D46DE8}") = "validators", "validators", "{6EC82E60-11FB-44A3-9D72-1C0923564140}"
EndProject
Project("{FAE04EC0-301F-11D3-BF4B-00C04F79EFBC}") = "Moni.VelocidadeTempoLocalizacao", "Moni.VelocidadeTempoLocalizacao\Moni.VelocidadeTempoLocalizacao.csproj", "{08A6FCFF-B32B-4DA0-B426-06D333954E7F}"
EndProject
Project("{2150E333-8FDC-42A3-9474-1A3956D46DE8}") = "finisher", "finisher", "{BE4D022A-95A6-4A4E-9F79-046E84DF4846}"
EndProject
Project("{FAE04EC0-301F-11D3-BF4B-00C04F79EFBC}") = "finisher", "finisher\finisher.csproj", "{B3278FA2-FFD1-41EB-BCBA-057674141460}"
EndProject
Project("{FAE04EC0-301F-11D3-BF4B-00C04F79EFBC}") = "validation.empresa", "validators\validation.empresa\validation.empresa.csproj", "{FD120528-3FF5-435E-B9BD-E17C013366C4}"
EndProject
Global
	GlobalSection(SolutionConfigurationPlatforms) = preSolution
		Debug|Any CPU = Debug|Any CPU
		Debug|x64 = Debug|x64
		Debug|x86 = Debug|x86
		Release|Any CPU = Release|Any CPU
		Release|x64 = Release|x64
		Release|x86 = Release|x86
	EndGlobalSection
	GlobalSection(SolutionProperties) = preSolution
		HideSolutionNode = FALSE
	EndGlobalSection
	GlobalSection(ProjectConfigurationPlatforms) = postSolution
		{D8CD21F9-93CF-4022-92F3-89D5F2A7240D}.Debug|Any CPU.ActiveCfg = Debug|Any CPU
		{D8CD21F9-93CF-4022-92F3-89D5F2A7240D}.Debug|Any CPU.Build.0 = Debug|Any CPU
		{D8CD21F9-93CF-4022-92F3-89D5F2A7240D}.Debug|x64.ActiveCfg = Debug|Any CPU
		{D8CD21F9-93CF-4022-92F3-89D5F2A7240D}.Debug|x64.Build.0 = Debug|Any CPU
		{D8CD21F9-93CF-4022-92F3-89D5F2A7240D}.Debug|x86.ActiveCfg = Debug|Any CPU
		{D8CD21F9-93CF-4022-92F3-89D5F2A7240D}.Debug|x86.Build.0 = Debug|Any CPU
		{D8CD21F9-93CF-4022-92F3-89D5F2A7240D}.Release|Any CPU.ActiveCfg = Release|Any CPU
		{D8CD21F9-93CF-4022-92F3-89D5F2A7240D}.Release|Any CPU.Build.0 = Release|Any CPU
		{D8CD21F9-93CF-4022-92F3-89D5F2A7240D}.Release|x64.ActiveCfg = Release|Any CPU
		{D8CD21F9-93CF-4022-92F3-89D5F2A7240D}.Release|x64.Build.0 = Release|Any CPU
		{D8CD21F9-93CF-4022-92F3-89D5F2A7240D}.Release|x86.ActiveCfg = Release|Any CPU
		{D8CD21F9-93CF-4022-92F3-89D5F2A7240D}.Release|x86.Build.0 = Release|Any CPU
		{6767A4FC-4CA9-4ED0-BB09-31AF46212173}.Debug|Any CPU.ActiveCfg = Debug|Any CPU
		{6767A4FC-4CA9-4ED0-BB09-31AF46212173}.Debug|Any CPU.Build.0 = Debug|Any CPU
		{6767A4FC-4CA9-4ED0-BB09-31AF46212173}.Debug|x64.ActiveCfg = Debug|Any CPU
		{6767A4FC-4CA9-4ED0-BB09-31AF46212173}.Debug|x64.Build.0 = Debug|Any CPU
		{6767A4FC-4CA9-4ED0-BB09-31AF46212173}.Debug|x86.ActiveCfg = Debug|Any CPU
		{6767A4FC-4CA9-4ED0-BB09-31AF46212173}.Debug|x86.Build.0 = Debug|Any CPU
		{6767A4FC-4CA9-4ED0-BB09-31AF46212173}.Release|Any CPU.ActiveCfg = Release|Any CPU
		{6767A4FC-4CA9-4ED0-BB09-31AF46212173}.Release|Any CPU.Build.0 = Release|Any CPU
		{6767A4FC-4CA9-4ED0-BB09-31AF46212173}.Release|x64.ActiveCfg = Release|Any CPU
		{6767A4FC-4CA9-4ED0-BB09-31AF46212173}.Release|x64.Build.0 = Release|Any CPU
		{6767A4FC-4CA9-4ED0-BB09-31AF46212173}.Release|x86.ActiveCfg = Release|Any CPU
		{6767A4FC-4CA9-4ED0-BB09-31AF46212173}.Release|x86.Build.0 = Release|Any CPU
		{2FCE4AC8-A2A0-4DF2-BA5F-7B9E9B746AEE}.Debug|Any CPU.ActiveCfg = Debug|Any CPU
		{2FCE4AC8-A2A0-4DF2-BA5F-7B9E9B746AEE}.Debug|Any CPU.Build.0 = Debug|Any CPU
		{2FCE4AC8-A2A0-4DF2-BA5F-7B9E9B746AEE}.Debug|x64.ActiveCfg = Debug|Any CPU
		{2FCE4AC8-A2A0-4DF2-BA5F-7B9E9B746AEE}.Debug|x64.Build.0 = Debug|Any CPU
		{2FCE4AC8-A2A0-4DF2-BA5F-7B9E9B746AEE}.Debug|x86.ActiveCfg = Debug|Any CPU
		{2FCE4AC8-A2A0-4DF2-BA5F-7B9E9B746AEE}.Debug|x86.Build.0 = Debug|Any CPU
		{2FCE4AC8-A2A0-4DF2-BA5F-7B9E9B746AEE}.Release|Any CPU.ActiveCfg = Release|Any CPU
		{2FCE4AC8-A2A0-4DF2-BA5F-7B9E9B746AEE}.Release|Any CPU.Build.0 = Release|Any CPU
		{2FCE4AC8-A2A0-4DF2-BA5F-7B9E9B746AEE}.Release|x64.ActiveCfg = Release|Any CPU
		{2FCE4AC8-A2A0-4DF2-BA5F-7B9E9B746AEE}.Release|x64.Build.0 = Release|Any CPU
		{2FCE4AC8-A2A0-4DF2-BA5F-7B9E9B746AEE}.Release|x86.ActiveCfg = Release|Any CPU
		{2FCE4AC8-A2A0-4DF2-BA5F-7B9E9B746AEE}.Release|x86.Build.0 = Release|Any CPU
		{CB19CB40-B929-48C4-B7F5-A0916097BB49}.Debug|Any CPU.ActiveCfg = Debug|Any CPU
		{CB19CB40-B929-48C4-B7F5-A0916097BB49}.Debug|Any CPU.Build.0 = Debug|Any CPU
		{CB19CB40-B929-48C4-B7F5-A0916097BB49}.Debug|x64.ActiveCfg = Debug|Any CPU
		{CB19CB40-B929-48C4-B7F5-A0916097BB49}.Debug|x64.Build.0 = Debug|Any CPU
		{CB19CB40-B929-48C4-B7F5-A0916097BB49}.Debug|x86.ActiveCfg = Debug|Any CPU
		{CB19CB40-B929-48C4-B7F5-A0916097BB49}.Debug|x86.Build.0 = Debug|Any CPU
		{CB19CB40-B929-48C4-B7F5-A0916097BB49}.Release|Any CPU.ActiveCfg = Release|Any CPU
		{CB19CB40-B929-48C4-B7F5-A0916097BB49}.Release|Any CPU.Build.0 = Release|Any CPU
		{CB19CB40-B929-48C4-B7F5-A0916097BB49}.Release|x64.ActiveCfg = Release|Any CPU
		{CB19CB40-B929-48C4-B7F5-A0916097BB49}.Release|x64.Build.0 = Release|Any CPU
		{CB19CB40-B929-48C4-B7F5-A0916097BB49}.Release|x86.ActiveCfg = Release|Any CPU
		{CB19CB40-B929-48C4-B7F5-A0916097BB49}.Release|x86.Build.0 = Release|Any CPU
		{33038085-3EC2-47BC-8905-C00D469451AF}.Debug|Any CPU.ActiveCfg = Debug|Any CPU
		{33038085-3EC2-47BC-8905-C00D469451AF}.Debug|Any CPU.Build.0 = Debug|Any CPU
		{33038085-3EC2-47BC-8905-C00D469451AF}.Debug|x64.ActiveCfg = Debug|Any CPU
		{33038085-3EC2-47BC-8905-C00D469451AF}.Debug|x64.Build.0 = Debug|Any CPU
		{33038085-3EC2-47BC-8905-C00D469451AF}.Debug|x86.ActiveCfg = Debug|Any CPU
		{33038085-3EC2-47BC-8905-C00D469451AF}.Debug|x86.Build.0 = Debug|Any CPU
		{33038085-3EC2-47BC-8905-C00D469451AF}.Release|Any CPU.ActiveCfg = Release|Any CPU
		{33038085-3EC2-47BC-8905-C00D469451AF}.Release|Any CPU.Build.0 = Release|Any CPU
		{33038085-3EC2-47BC-8905-C00D469451AF}.Release|x64.ActiveCfg = Release|Any CPU
		{33038085-3EC2-47BC-8905-C00D469451AF}.Release|x64.Build.0 = Release|Any CPU
		{33038085-3EC2-47BC-8905-C00D469451AF}.Release|x86.ActiveCfg = Release|Any CPU
		{33038085-3EC2-47BC-8905-C00D469451AF}.Release|x86.Build.0 = Release|Any CPU
		{D8DF16A3-A110-4E03-A766-7130A1B53977}.Debug|Any CPU.ActiveCfg = Debug|Any CPU
		{D8DF16A3-A110-4E03-A766-7130A1B53977}.Debug|Any CPU.Build.0 = Debug|Any CPU
		{D8DF16A3-A110-4E03-A766-7130A1B53977}.Debug|x64.ActiveCfg = Debug|Any CPU
		{D8DF16A3-A110-4E03-A766-7130A1B53977}.Debug|x64.Build.0 = Debug|Any CPU
		{D8DF16A3-A110-4E03-A766-7130A1B53977}.Debug|x86.ActiveCfg = Debug|Any CPU
		{D8DF16A3-A110-4E03-A766-7130A1B53977}.Debug|x86.Build.0 = Debug|Any CPU
		{D8DF16A3-A110-4E03-A766-7130A1B53977}.Release|Any CPU.ActiveCfg = Release|Any CPU
		{D8DF16A3-A110-4E03-A766-7130A1B53977}.Release|Any CPU.Build.0 = Release|Any CPU
		{D8DF16A3-A110-4E03-A766-7130A1B53977}.Release|x64.ActiveCfg = Release|Any CPU
		{D8DF16A3-A110-4E03-A766-7130A1B53977}.Release|x64.Build.0 = Release|Any CPU
		{D8DF16A3-A110-4E03-A766-7130A1B53977}.Release|x86.ActiveCfg = Release|Any CPU
		{D8DF16A3-A110-4E03-A766-7130A1B53977}.Release|x86.Build.0 = Release|Any CPU
		{1D87E0D2-ED37-4A79-8090-A35BF7F72E82}.Debug|Any CPU.ActiveCfg = Debug|Any CPU
		{1D87E0D2-ED37-4A79-8090-A35BF7F72E82}.Debug|Any CPU.Build.0 = Debug|Any CPU
		{1D87E0D2-ED37-4A79-8090-A35BF7F72E82}.Debug|x64.ActiveCfg = Debug|Any CPU
		{1D87E0D2-ED37-4A79-8090-A35BF7F72E82}.Debug|x64.Build.0 = Debug|Any CPU
		{1D87E0D2-ED37-4A79-8090-A35BF7F72E82}.Debug|x86.ActiveCfg = Debug|Any CPU
		{1D87E0D2-ED37-4A79-8090-A35BF7F72E82}.Debug|x86.Build.0 = Debug|Any CPU
		{1D87E0D2-ED37-4A79-8090-A35BF7F72E82}.Release|Any CPU.ActiveCfg = Release|Any CPU
		{1D87E0D2-ED37-4A79-8090-A35BF7F72E82}.Release|Any CPU.Build.0 = Release|Any CPU
		{1D87E0D2-ED37-4A79-8090-A35BF7F72E82}.Release|x64.ActiveCfg = Release|Any CPU
		{1D87E0D2-ED37-4A79-8090-A35BF7F72E82}.Release|x64.Build.0 = Release|Any CPU
		{1D87E0D2-ED37-4A79-8090-A35BF7F72E82}.Release|x86.ActiveCfg = Release|Any CPU
		{1D87E0D2-ED37-4A79-8090-A35BF7F72E82}.Release|x86.Build.0 = Release|Any CPU
		{08A6FCFF-B32B-4DA0-B426-06D333954E7F}.Debug|Any CPU.ActiveCfg = Debug|Any CPU
		{08A6FCFF-B32B-4DA0-B426-06D333954E7F}.Debug|Any CPU.Build.0 = Debug|Any CPU
		{08A6FCFF-B32B-4DA0-B426-06D333954E7F}.Debug|x64.ActiveCfg = Debug|Any CPU
		{08A6FCFF-B32B-4DA0-B426-06D333954E7F}.Debug|x64.Build.0 = Debug|Any CPU
		{08A6FCFF-B32B-4DA0-B426-06D333954E7F}.Debug|x86.ActiveCfg = Debug|Any CPU
		{08A6FCFF-B32B-4DA0-B426-06D333954E7F}.Debug|x86.Build.0 = Debug|Any CPU
		{08A6FCFF-B32B-4DA0-B426-06D333954E7F}.Release|Any CPU.ActiveCfg = Release|Any CPU
		{08A6FCFF-B32B-4DA0-B426-06D333954E7F}.Release|Any CPU.Build.0 = Release|Any CPU
		{08A6FCFF-B32B-4DA0-B426-06D333954E7F}.Release|x64.ActiveCfg = Release|Any CPU
		{08A6FCFF-B32B-4DA0-B426-06D333954E7F}.Release|x64.Build.0 = Release|Any CPU
		{08A6FCFF-B32B-4DA0-B426-06D333954E7F}.Release|x86.ActiveCfg = Release|Any CPU
		{08A6FCFF-B32B-4DA0-B426-06D333954E7F}.Release|x86.Build.0 = Release|Any CPU
		{B3278FA2-FFD1-41EB-BCBA-057674141460}.Debug|Any CPU.ActiveCfg = Debug|Any CPU
		{B3278FA2-FFD1-41EB-BCBA-057674141460}.Debug|Any CPU.Build.0 = Debug|Any CPU
		{B3278FA2-FFD1-41EB-BCBA-057674141460}.Debug|x64.ActiveCfg = Debug|Any CPU
		{B3278FA2-FFD1-41EB-BCBA-057674141460}.Debug|x64.Build.0 = Debug|Any CPU
		{B3278FA2-FFD1-41EB-BCBA-057674141460}.Debug|x86.ActiveCfg = Debug|Any CPU
		{B3278FA2-FFD1-41EB-BCBA-057674141460}.Debug|x86.Build.0 = Debug|Any CPU
		{B3278FA2-FFD1-41EB-BCBA-057674141460}.Release|Any CPU.ActiveCfg = Release|Any CPU
		{B3278FA2-FFD1-41EB-BCBA-057674141460}.Release|Any CPU.Build.0 = Release|Any CPU
		{B3278FA2-FFD1-41EB-BCBA-057674141460}.Release|x64.ActiveCfg = Release|Any CPU
		{B3278FA2-FFD1-41EB-BCBA-057674141460}.Release|x64.Build.0 = Release|Any CPU
		{B3278FA2-FFD1-41EB-BCBA-057674141460}.Release|x86.ActiveCfg = Release|Any CPU
		{B3278FA2-FFD1-41EB-BCBA-057674141460}.Release|x86.Build.0 = Release|Any CPU
		{FD120528-3FF5-435E-B9BD-E17C013366C4}.Debug|Any CPU.ActiveCfg = Debug|Any CPU
		{FD120528-3FF5-435E-B9BD-E17C013366C4}.Debug|Any CPU.Build.0 = Debug|Any CPU
		{FD120528-3FF5-435E-B9BD-E17C013366C4}.Debug|x64.ActiveCfg = Debug|Any CPU
		{FD120528-3FF5-435E-B9BD-E17C013366C4}.Debug|x64.Build.0 = Debug|Any CPU
		{FD120528-3FF5-435E-B9BD-E17C013366C4}.Debug|x86.ActiveCfg = Debug|Any CPU
		{FD120528-3FF5-435E-B9BD-E17C013366C4}.Debug|x86.Build.0 = Debug|Any CPU
		{FD120528-3FF5-435E-B9BD-E17C013366C4}.Release|Any CPU.ActiveCfg = Release|Any CPU
		{FD120528-3FF5-435E-B9BD-E17C013366C4}.Release|Any CPU.Build.0 = Release|Any CPU
		{FD120528-3FF5-435E-B9BD-E17C013366C4}.Release|x64.ActiveCfg = Release|Any CPU
		{FD120528-3FF5-435E-B9BD-E17C013366C4}.Release|x64.Build.0 = Release|Any CPU
		{FD120528-3FF5-435E-B9BD-E17C013366C4}.Release|x86.ActiveCfg = Release|Any CPU
		{FD120528-3FF5-435E-B9BD-E17C013366C4}.Release|x86.Build.0 = Release|Any CPU
	EndGlobalSection
	GlobalSection(NestedProjects) = preSolution
		{2FCE4AC8-A2A0-4DF2-BA5F-7B9E9B746AEE} = {149CD3FB-4AD1-4EA3-8934-CA1B332CC741}
		{6767A4FC-4CA9-4ED0-BB09-31AF46212173} = {149CD3FB-4AD1-4EA3-8934-CA1B332CC741}
		{CB19CB40-B929-48C4-B7F5-A0916097BB49} = {AFB50CCB-0234-4A58-9EA1-4C21E6075AEB}
		{33038085-3EC2-47BC-8905-C00D469451AF} = {6EC82E60-11FB-44A3-9D72-1C0923564140}
		{D8DF16A3-A110-4E03-A766-7130A1B53977} = {6EC82E60-11FB-44A3-9D72-1C0923564140}
		{B3278FA2-FFD1-41EB-BCBA-057674141460} = {BE4D022A-95A6-4A4E-9F79-046E84DF4846}
		{FD120528-3FF5-435E-B9BD-E17C013366C4} = {6EC82E60-11FB-44A3-9D72-1C0923564140}
	EndGlobalSection
EndGlobal
